
Microsoft Visual Studio Solution File, Format Version 12.00
# Visual Studio Version 16
VisualStudioVersion = 16.6.30114.105
MinimumVisualStudioVersion = 10.0.40219.1
Project("{FAE04EC0-301F-11D3-BF4B-00C04F79EFBC}") = "MyApp.WebApi", "MyApp.WebApi\MyApp.WebApi.csproj", "{A497571D-8A52-48E4-B583-E2EBB447372B}"
EndProject
Project("{FAE04EC0-301F-11D3-BF4B-00C04F79EFBC}") = "MyApp.Domain", "MyApp.Domain\MyApp.Domain.csproj", "{7E157104-8558-44E9-8E31-BACF69384B40}"
EndProject
Project("{FAE04EC0-301F-11D3-BF4B-00C04F79EFBC}") = "MyApp.Application", "MyApp.Application\MyApp.Application.csproj", "{46B18361-BF78-4113-AE2A-FD36865BD042}"
EndProject
Project("{FAE04EC0-301F-11D3-BF4B-00C04F79EFBC}") = "MyApp.Infrastructure", "MyApp.Infrastructure\MyApp.Infrastructure.csproj", "{658D6E29-905B-4219-9F8B-E7959E778FE9}"
EndProject
Global
	GlobalSection(SolutionConfigurationPlatforms) = preSolution
		Debug|Any CPU = Debug|Any CPU
		Debug|x64 = Debug|x64
		Debug|x86 = Debug|x86
		Release|Any CPU = Release|Any CPU
		Release|x64 = Release|x64
		Release|x86 = Release|x86
	EndGlobalSection
	GlobalSection(SolutionProperties) = preSolution
		HideSolutionNode = FALSE
	EndGlobalSection
	GlobalSection(ProjectConfigurationPlatforms) = postSolution
		{A497571D-8A52-48E4-B583-E2EBB447372B}.Debug|Any CPU.ActiveCfg = Debug|Any CPU
		{A497571D-8A52-48E4-B583-E2EBB447372B}.Debug|Any CPU.Build.0 = Debug|Any CPU
		{A497571D-8A52-48E4-B583-E2EBB447372B}.Debug|x64.ActiveCfg = Debug|Any CPU
		{A497571D-8A52-48E4-B583-E2EBB447372B}.Debug|x64.Build.0 = Debug|Any CPU
		{A497571D-8A52-48E4-B583-E2EBB447372B}.Debug|x86.ActiveCfg = Debug|Any CPU
		{A497571D-8A52-48E4-B583-E2EBB447372B}.Debug|x86.Build.0 = Debug|Any CPU
		{A497571D-8A52-48E4-B583-E2EBB447372B}.Release|Any CPU.ActiveCfg = Release|Any CPU
		{A497571D-8A52-48E4-B583-E2EBB447372B}.Release|Any CPU.Build.0 = Release|Any CPU
		{A497571D-8A52-48E4-B583-E2EBB447372B}.Release|x64.ActiveCfg = Release|Any CPU
		{A497571D-8A52-48E4-B583-E2EBB447372B}.Release|x64.Build.0 = Release|Any CPU
		{A497571D-8A52-48E4-B583-E2EBB447372B}.Release|x86.ActiveCfg = Release|Any CPU
		{A497571D-8A52-48E4-B583-E2EBB447372B}.Release|x86.Build.0 = Release|Any CPU
		{7E157104-8558-44E9-8E31-BACF69384B40}.Debug|Any CPU.ActiveCfg = Debug|Any CPU
		{7E157104-8558-44E9-8E31-BACF69384B40}.Debug|Any CPU.Build.0 = Debug|Any CPU
		{7E157104-8558-44E9-8E31-BACF69384B40}.Debug|x64.ActiveCfg = Debug|Any CPU
		{7E157104-8558-44E9-8E31-BACF69384B40}.Debug|x64.Build.0 = Debug|Any CPU
		{7E157104-8558-44E9-8E31-BACF69384B40}.Debug|x86.ActiveCfg = Debug|Any CPU
		{7E157104-8558-44E9-8E31-BACF69384B40}.Debug|x86.Build.0 = Debug|Any CPU
		{7E157104-8558-44E9-8E31-BACF69384B40}.Release|Any CPU.ActiveCfg = Release|Any CPU
		{7E157104-8558-44E9-8E31-BACF69384B40}.Release|Any CPU.Build.0 = Release|Any CPU
		{7E157104-8558-44E9-8E31-BACF69384B40}.Release|x64.ActiveCfg = Release|Any CPU
		{7E157104-8558-44E9-8E31-BACF69384B40}.Release|x64.Build.0 = Release|Any CPU
		{7E157104-8558-44E9-8E31-BACF69384B40}.Release|x86.ActiveCfg = Release|Any CPU
		{7E157104-8558-44E9-8E31-BACF69384B40}.Release|x86.Build.0 = Release|Any CPU
		{46B18361-BF78-4113-AE2A-FD36865BD042}.Debug|Any CPU.ActiveCfg = Debug|Any CPU
		{46B18361-BF78-4113-AE2A-FD36865BD042}.Debug|Any CPU.Build.0 = Debug|Any CPU
		{46B18361-BF78-4113-AE2A-FD36865BD042}.Debug|x64.ActiveCfg = Debug|Any CPU
		{46B18361-BF78-4113-AE2A-FD36865BD042}.Debug|x64.Build.0 = Debug|Any CPU
		{46B18361-BF78-4113-AE2A-FD36865BD042}.Debug|x86.ActiveCfg = Debug|Any CPU
		{46B18361-BF78-4113-AE2A-FD36865BD042}.Debug|x86.Build.0 = Debug|Any CPU
		{46B18361-BF78-4113-AE2A-FD36865BD042}.Release|Any CPU.ActiveCfg = Release|Any CPU
		{46B18361-BF78-4113-AE2A-FD36865BD042}.Release|Any CPU.Build.0 = Release|Any CPU
		{46B18361-BF78-4113-AE2A-FD36865BD042}.Release|x64.ActiveCfg = Release|Any CPU
		{46B18361-BF78-4113-AE2A-FD36865BD042}.Release|x64.Build.0 = Release|Any CPU
		{46B18361-BF78-4113-AE2A-FD36865BD042}.Release|x86.ActiveCfg = Release|Any CPU
		{46B18361-BF78-4113-AE2A-FD36865BD042}.Release|x86.Build.0 = Release|Any CPU
		{658D6E29-905B-4219-9F8B-E7959E778FE9}.Debug|Any CPU.ActiveCfg = Debug|Any CPU
		{658D6E29-905B-4219-9F8B-E7959E778FE9}.Debug|Any CPU.Build.0 = Debug|Any CPU
		{658D6E29-905B-4219-9F8B-E7959E778FE9}.Debug|x64.ActiveCfg = Debug|Any CPU
		{658D6E29-905B-4219-9F8B-E7959E778FE9}.Debug|x64.Build.0 = Debug|Any CPU
		{658D6E29-905B-4219-9F8B-E7959E778FE9}.Debug|x86.ActiveCfg = Debug|Any CPU
		{658D6E29-905B-4219-9F8B-E7959E778FE9}.Debug|x86.Build.0 = Debug|Any CPU
		{658D6E29-905B-4219-9F8B-E7959E778FE9}.Release|Any CPU.ActiveCfg = Release|Any CPU
		{658D6E29-905B-4219-9F8B-E7959E778FE9}.Release|Any CPU.Build.0 = Release|Any CPU
		{658D6E29-905B-4219-9F8B-E7959E778FE9}.Release|x64.ActiveCfg = Release|Any CPU
		{658D6E29-905B-4219-9F8B-E7959E778FE9}.Release|x64.Build.0 = Release|Any CPU
		{658D6E29-905B-4219-9F8B-E7959E778FE9}.Release|x86.ActiveCfg = Release|Any CPU
		{658D6E29-905B-4219-9F8B-E7959E778FE9}.Release|x86.Build.0 = Release|Any CPU
	EndGlobalSection
EndGlobal
