
Microsoft Visual Studio Solution File, Format Version 12.00
# Visual Studio Version 16
VisualStudioVersion = 16.0.30114.105
MinimumVisualStudioVersion = 10.0.40219.1
Project("{2150E333-8FDC-42A3-9474-1A3956D46DE8}") = "src", "src", "{16ADFAB2-2234-42E2-BDDE-AB8C5A64F1B1}"
EndProject
Project("{FAE04EC0-301F-11D3-BF4B-00C04F79EFBC}") = "MyApp.Domain", "src\MyApp.Domain\MyApp.Domain.csproj", "{4A141A4F-AB7E-45C7-BC69-7EEA65CACEAB}"
EndProject
Project("{FAE04EC0-301F-11D3-BF4B-00C04F79EFBC}") = "MyApp.Infrastructure", "src\MyApp.Infrastructure\MyApp.Infrastructure.csproj", "{4321BD61-5567-4FD6-81D8-AC1876267FB6}"
EndProject
Project("{FAE04EC0-301F-11D3-BF4B-00C04F79EFBC}") = "MyApp.Application", "src\MyApp.Application\MyApp.Application.csproj", "{4E7A3E37-5FFB-459D-834D-D297BA8BAD55}"
EndProject
Project("{FAE04EC0-301F-11D3-BF4B-00C04F79EFBC}") = "MyApp.WebApi", "src\MyApp.WebApi\MyApp.WebApi.csproj", "{B1A513C5-C4BF-498F-9CB4-B9CCD03C9592}"
EndProject
Project("{FAE04EC0-301F-11D3-BF4B-00C04F79EFBC}") = "MyApp.DbMigrations", "src\MyApp.DbMigrations\MyApp.DbMigrations.csproj", "{F1CA623A-EF44-4E88-BF3E-05628248AC19}"
EndProject
Project("{2150E333-8FDC-42A3-9474-1A3956D46DE8}") = "Tests", "Tests", "{AC739765-BEC9-4567-8102-5163EBAAB38F}"
EndProject
Project("{FAE04EC0-301F-11D3-BF4B-00C04F79EFBC}") = "MyApp.Domain.Test", "src\Tests\MyApp.Domain.Test\MyApp.Domain.Test.csproj", "{F4D2FA48-4207-4F22-AFD7-669E97265ED7}"
EndProject
Project("{FAE04EC0-301F-11D3-BF4B-00C04F79EFBC}") = "MyApp.Application.Test", "src\Tests\MyApp.Application.Test\MyApp.Application.Test.csproj", "{7EA0DC9D-D591-471B-B370-4909C3D48799}"
EndProject
Project("{FAE04EC0-301F-11D3-BF4B-00C04F79EFBC}") = "MyApp.Infrastructure.Test", "src\Tests\MyApp.Infrastructure.Test\MyApp.Infrastructure.Test.csproj", "{88043745-6079-4827-AFD9-BA203B2A8166}"
EndProject
Global
	GlobalSection(SolutionConfigurationPlatforms) = preSolution
		Debug|Any CPU = Debug|Any CPU
		Release|Any CPU = Release|Any CPU
	EndGlobalSection
	GlobalSection(SolutionProperties) = preSolution
		HideSolutionNode = FALSE
	EndGlobalSection
	GlobalSection(ProjectConfigurationPlatforms) = postSolution
		{4A141A4F-AB7E-45C7-BC69-7EEA65CACEAB}.Debug|Any CPU.ActiveCfg = Debug|Any CPU
		{4A141A4F-AB7E-45C7-BC69-7EEA65CACEAB}.Debug|Any CPU.Build.0 = Debug|Any CPU
		{4A141A4F-AB7E-45C7-BC69-7EEA65CACEAB}.Release|Any CPU.ActiveCfg = Release|Any CPU
		{4A141A4F-AB7E-45C7-BC69-7EEA65CACEAB}.Release|Any CPU.Build.0 = Release|Any CPU
		{4321BD61-5567-4FD6-81D8-AC1876267FB6}.Debug|Any CPU.ActiveCfg = Debug|Any CPU
		{4321BD61-5567-4FD6-81D8-AC1876267FB6}.Debug|Any CPU.Build.0 = Debug|Any CPU
		{4321BD61-5567-4FD6-81D8-AC1876267FB6}.Release|Any CPU.ActiveCfg = Release|Any CPU
		{4321BD61-5567-4FD6-81D8-AC1876267FB6}.Release|Any CPU.Build.0 = Release|Any CPU
		{4E7A3E37-5FFB-459D-834D-D297BA8BAD55}.Debug|Any CPU.ActiveCfg = Debug|Any CPU
		{4E7A3E37-5FFB-459D-834D-D297BA8BAD55}.Debug|Any CPU.Build.0 = Debug|Any CPU
		{4E7A3E37-5FFB-459D-834D-D297BA8BAD55}.Release|Any CPU.ActiveCfg = Release|Any CPU
		{4E7A3E37-5FFB-459D-834D-D297BA8BAD55}.Release|Any CPU.Build.0 = Release|Any CPU
		{B1A513C5-C4BF-498F-9CB4-B9CCD03C9592}.Debug|Any CPU.ActiveCfg = Debug|Any CPU
		{B1A513C5-C4BF-498F-9CB4-B9CCD03C9592}.Debug|Any CPU.Build.0 = Debug|Any CPU
		{B1A513C5-C4BF-498F-9CB4-B9CCD03C9592}.Release|Any CPU.ActiveCfg = Release|Any CPU
		{B1A513C5-C4BF-498F-9CB4-B9CCD03C9592}.Release|Any CPU.Build.0 = Release|Any CPU
		{F1CA623A-EF44-4E88-BF3E-05628248AC19}.Debug|Any CPU.ActiveCfg = Debug|Any CPU
		{F1CA623A-EF44-4E88-BF3E-05628248AC19}.Debug|Any CPU.Build.0 = Debug|Any CPU
		{F1CA623A-EF44-4E88-BF3E-05628248AC19}.Release|Any CPU.ActiveCfg = Release|Any CPU
		{F1CA623A-EF44-4E88-BF3E-05628248AC19}.Release|Any CPU.Build.0 = Release|Any CPU
		{F4D2FA48-4207-4F22-AFD7-669E97265ED7}.Debug|Any CPU.ActiveCfg = Debug|Any CPU
		{F4D2FA48-4207-4F22-AFD7-669E97265ED7}.Debug|Any CPU.Build.0 = Debug|Any CPU
		{F4D2FA48-4207-4F22-AFD7-669E97265ED7}.Release|Any CPU.ActiveCfg = Release|Any CPU
		{F4D2FA48-4207-4F22-AFD7-669E97265ED7}.Release|Any CPU.Build.0 = Release|Any CPU
		{7EA0DC9D-D591-471B-B370-4909C3D48799}.Debug|Any CPU.ActiveCfg = Debug|Any CPU
		{7EA0DC9D-D591-471B-B370-4909C3D48799}.Debug|Any CPU.Build.0 = Debug|Any CPU
		{7EA0DC9D-D591-471B-B370-4909C3D48799}.Release|Any CPU.ActiveCfg = Release|Any CPU
		{7EA0DC9D-D591-471B-B370-4909C3D48799}.Release|Any CPU.Build.0 = Release|Any CPU
		{88043745-6079-4827-AFD9-BA203B2A8166}.Debug|Any CPU.ActiveCfg = Debug|Any CPU
		{88043745-6079-4827-AFD9-BA203B2A8166}.Debug|Any CPU.Build.0 = Debug|Any CPU
		{88043745-6079-4827-AFD9-BA203B2A8166}.Release|Any CPU.ActiveCfg = Release|Any CPU
		{88043745-6079-4827-AFD9-BA203B2A8166}.Release|Any CPU.Build.0 = Release|Any CPU
	EndGlobalSection
	GlobalSection(NestedProjects) = preSolution
		{4A141A4F-AB7E-45C7-BC69-7EEA65CACEAB} = {16ADFAB2-2234-42E2-BDDE-AB8C5A64F1B1}
		{4321BD61-5567-4FD6-81D8-AC1876267FB6} = {16ADFAB2-2234-42E2-BDDE-AB8C5A64F1B1}
		{4E7A3E37-5FFB-459D-834D-D297BA8BAD55} = {16ADFAB2-2234-42E2-BDDE-AB8C5A64F1B1}
		{B1A513C5-C4BF-498F-9CB4-B9CCD03C9592} = {16ADFAB2-2234-42E2-BDDE-AB8C5A64F1B1}
		{F1CA623A-EF44-4E88-BF3E-05628248AC19} = {16ADFAB2-2234-42E2-BDDE-AB8C5A64F1B1}
		{AC739765-BEC9-4567-8102-5163EBAAB38F} = {16ADFAB2-2234-42E2-BDDE-AB8C5A64F1B1}
		{F4D2FA48-4207-4F22-AFD7-669E97265ED7} = {AC739765-BEC9-4567-8102-5163EBAAB38F}
		{7EA0DC9D-D591-471B-B370-4909C3D48799} = {AC739765-BEC9-4567-8102-5163EBAAB38F}
		{88043745-6079-4827-AFD9-BA203B2A8166} = {AC739765-BEC9-4567-8102-5163EBAAB38F}
	EndGlobalSection
EndGlobal
